# DO NOT EDIT MANUALLY - Managed by Fern Replay
version: "1.0"
generations:
  - commit_sha: 3a8bb9fe202a1df706aea7dec5b44c74b5194e7b
    tree_hash: 464b5bee6bd2b54a3ecf7b60f761e05f10f9ce6d
    timestamp: 2026-07-22T16:32:59.319Z
    cli_version: unknown
    generator_versions: {}
current_generation: 3a8bb9fe202a1df706aea7dec5b44c74b5194e7b
patches: []
